
Microsoft Visual Studio Solution File, Format Version 12.00
# Visual Studio Version 16
VisualStudioVersion = 16.0.32413.511
MinimumVisualStudioVersion = 10.0.40219.1
Project("{FAE04EC0-301F-11D3-BF4B-00C04F79EFBC}") = "Ecommerce.API", "Ecommerce.API\Ecommerce.API.csproj", "{69DCF39D-D3A3-4470-865A-215162FC3AFB}"
EndProject
Project("{FAE04EC0-301F-11D3-BF4B-00C04F79EFBC}") = "Ecommerce.Core", "Ecommerce.Core\Ecommerce.Core.csproj", "{9367ED3A-253B-4643-B456-41E7FE426409}"
EndProject
Project("{FAE04EC0-301F-11D3-BF4B-00C04F79EFBC}") = "Ecommerce.Infrastructure", "Ecommerce.Infrastructure\Ecommerce.Infrastructure.csproj", "{28AB9172-6EC1-4890-8A0E-39B222359EC4}"
EndProject
Project("{FAE04EC0-301F-11D3-BF4B-00C04F79EFBC}") = "Ecommerce.Application", "Ecommerce.Application\Ecommerce.Application.csproj", "{62FC42F9-45CE-4F30-9B9E-41A0D2F38E69}"
EndProject
Project("{FAE04EC0-301F-11D3-BF4B-00C04F79EFBC}") = "Ecommerce.IOC", "Ecommerce.IOC\Ecommerce.IOC.csproj", "{4BA81AB2-2D39-41AE-AA9A-60791A0FBCA6}"
EndProject
Global
	GlobalSection(SolutionConfigurationPlatforms) = preSolution
		Debug|Any CPU = Debug|Any CPU
		Release|Any CPU = Release|Any CPU
	EndGlobalSection
	GlobalSection(ProjectConfigurationPlatforms) = postSolution
		{69DCF39D-D3A3-4470-865A-215162FC3AFB}.Debug|Any CPU.ActiveCfg = Debug|Any CPU
		{69DCF39D-D3A3-4470-865A-215162FC3AFB}.Debug|Any CPU.Build.0 = Debug|Any CPU
		{69DCF39D-D3A3-4470-865A-215162FC3AFB}.Release|Any CPU.ActiveCfg = Release|Any CPU
		{69DCF39D-D3A3-4470-865A-215162FC3AFB}.Release|Any CPU.Build.0 = Release|Any CPU
		{9367ED3A-253B-4643-B456-41E7FE426409}.Debug|Any CPU.ActiveCfg = Debug|Any CPU
		{9367ED3A-253B-4643-B456-41E7FE426409}.Debug|Any CPU.Build.0 = Debug|Any CPU
		{9367ED3A-253B-4643-B456-41E7FE426409}.Release|Any CPU.ActiveCfg = Release|Any CPU
		{9367ED3A-253B-4643-B456-41E7FE426409}.Release|Any CPU.Build.0 = Release|Any CPU
		{28AB9172-6EC1-4890-8A0E-39B222359EC4}.Debug|Any CPU.ActiveCfg = Debug|Any CPU
		{28AB9172-6EC1-4890-8A0E-39B222359EC4}.Debug|Any CPU.Build.0 = Debug|Any CPU
		{28AB9172-6EC1-4890-8A0E-39B222359EC4}.Release|Any CPU.ActiveCfg = Release|Any CPU
		{28AB9172-6EC1-4890-8A0E-39B222359EC4}.Release|Any CPU.Build.0 = Release|Any CPU
		{62FC42F9-45CE-4F30-9B9E-41A0D2F38E69}.Debug|Any CPU.ActiveCfg = Debug|Any CPU
		{62FC42F9-45CE-4F30-9B9E-41A0D2F38E69}.Debug|Any CPU.Build.0 = Debug|Any CPU
		{62FC42F9-45CE-4F30-9B9E-41A0D2F38E69}.Release|Any CPU.ActiveCfg = Release|Any CPU
		{62FC42F9-45CE-4F30-9B9E-41A0D2F38E69}.Release|Any CPU.Build.0 = Release|Any CPU
		{4BA81AB2-2D39-41AE-AA9A-60791A0FBCA6}.Debug|Any CPU.ActiveCfg = Debug|Any CPU
		{4BA81AB2-2D39-41AE-AA9A-60791A0FBCA6}.Debug|Any CPU.Build.0 = Debug|Any CPU
		{4BA81AB2-2D39-41AE-AA9A-60791A0FBCA6}.Release|Any CPU.ActiveCfg = Release|Any CPU
		{4BA81AB2-2D39-41AE-AA9A-60791A0FBCA6}.Release|Any CPU.Build.0 = Release|Any CPU
	EndGlobalSection
	GlobalSection(SolutionProperties) = preSolution
		HideSolutionNode = FALSE
	EndGlobalSection
	GlobalSection(ExtensibilityGlobals) = postSolution
		SolutionGuid = {66D11029-1E59-48CC-B1E5-D1F3BC107CF1}
	EndGlobalSection
EndGlobal
